
Microsoft Visual Studio Solution File, Format Version 12.00
# Visual Studio Version 16
VisualStudioVersion = 16.0.30907.101
MinimumVisualStudioVersion = 10.0.40219.1
Project("{9A19103F-16F7-4668-BE54-9A1E7A4F7556}") = "ARTiculate", "ARTiculate\ARTiculate.csproj", "{FDA55B5D-221E-4925-8E33-2590B851F1D4}"
EndProject
Project("{9A19103F-16F7-4668-BE54-9A1E7A4F7556}") = "ARTiculateDataAccessLibrary", "ARTiculateDataAccessLibrary\ARTiculateDataAccessLibrary.csproj", "{D06C256C-E775-4F79-A3B0-CD5DD8BE40D6}"
EndProject
Project("{FAE04EC0-301F-11D3-BF4B-00C04F79EFBC}") = "ARTiculateTest", "ARTiculateTest\ARTiculateTest.csproj", "{04ECF441-C9F9-4DC7-9B2F-249267069F29}"
EndProject
Global
	GlobalSection(SolutionConfigurationPlatforms) = preSolution
		Debug|Any CPU = Debug|Any CPU
		Release|Any CPU = Release|Any CPU
	EndGlobalSection
	GlobalSection(ProjectConfigurationPlatforms) = postSolution
		{FDA55B5D-221E-4925-8E33-2590B851F1D4}.Debug|Any CPU.ActiveCfg = Debug|Any CPU
		{FDA55B5D-221E-4925-8E33-2590B851F1D4}.Debug|Any CPU.Build.0 = Debug|Any CPU
		{FDA55B5D-221E-4925-8E33-2590B851F1D4}.Release|Any CPU.ActiveCfg = Release|Any CPU
		{FDA55B5D-221E-4925-8E33-2590B851F1D4}.Release|Any CPU.Build.0 = Release|Any CPU
		{D06C256C-E775-4F79-A3B0-CD5DD8BE40D6}.Debug|Any CPU.ActiveCfg = Debug|Any CPU
		{D06C256C-E775-4F79-A3B0-CD5DD8BE40D6}.Debug|Any CPU.Build.0 = Debug|Any CPU
		{D06C256C-E775-4F79-A3B0-CD5DD8BE40D6}.Release|Any CPU.ActiveCfg = Release|Any CPU
		{D06C256C-E775-4F79-A3B0-CD5DD8BE40D6}.Release|Any CPU.Build.0 = Release|Any CPU
		{04ECF441-C9F9-4DC7-9B2F-249267069F29}.Debug|Any CPU.ActiveCfg = Debug|Any CPU
		{04ECF441-C9F9-4DC7-9B2F-249267069F29}.Debug|Any CPU.Build.0 = Debug|Any CPU
		{04ECF441-C9F9-4DC7-9B2F-249267069F29}.Release|Any CPU.ActiveCfg = Release|Any CPU
		{04ECF441-C9F9-4DC7-9B2F-249267069F29}.Release|Any CPU.Build.0 = Release|Any CPU
	EndGlobalSection
	GlobalSection(SolutionProperties) = preSolution
		HideSolutionNode = FALSE
	EndGlobalSection
	GlobalSection(ExtensibilityGlobals) = postSolution
		SolutionGuid = {D9BF8CC7-8F82-40FB-889A-B3958D472481}
	EndGlobalSection
EndGlobal
